
Microsoft Visual Studio Solution File, Format Version 12.00
# Visual Studio 15
VisualStudioVersion = 15.0.27004.2008
MinimumVisualStudioVersion = 10.0.40219.1
Project("{F184B08F-C81C-45F6-A57F-5ABD9991F28F}") = "NumbersMissing", "NumbersMissing\NumbersMissing.vbproj", "{979BAD11-686B-4709-99E8-D76A32EEDCC3}"
EndProject
Global
	GlobalSection(SolutionConfigurationPlatforms) = preSolution
		Debug|Any CPU = Debug|Any CPU
		Release|Any CPU = Release|Any CPU
	EndGlobalSection
	GlobalSection(ProjectConfigurationPlatforms) = postSolution
		{979BAD11-686B-4709-99E8-D76A32EEDCC3}.Debug|Any CPU.ActiveCfg = Debug|Any CPU
		{979BAD11-686B-4709-99E8-D76A32EEDCC3}.Debug|Any CPU.Build.0 = Debug|Any CPU
		{979BAD11-686B-4709-99E8-D76A32EEDCC3}.Release|Any CPU.ActiveCfg = Release|Any CPU
		{979BAD11-686B-4709-99E8-D76A32EEDCC3}.Release|Any CPU.Build.0 = Release|Any CPU
	EndGlobalSection
	GlobalSection(SolutionProperties) = preSolution
		HideSolutionNode = FALSE
	EndGlobalSection
	GlobalSection(ExtensibilityGlobals) = postSolution
		SolutionGuid = {1A78F9DE-1F18-4661-AB47-E73D02874EA4}
	EndGlobalSection
EndGlobal
